// !$*UTF8*$!
{
	archiveVersion = 1;
	classes = {
	};
	objectVersion = 50;
	objects = {

/* Begin PBXBuildFile section */
		81CD3A87209C4E8E00BE21AA /* AppDelegate.swift in Sources */ = {isa = PBXBuildFile; fileRef = 81CD3A86209C4E8E00BE21AA /* AppDelegate.swift */; };
		81CD3A89209C4E8E00BE21AA /* ViewController.swift in Sources */ = {isa = PBXBuildFile; fileRef = 81CD3A88209C4E8E00BE21AA /* ViewController.swift */; };
		81CD3A8C209C4E8E00BE21AA /* Main.storyboard in Resources */ = {isa = PBXBuildFile; fileRef = 81CD3A8A209C4E8E00BE21AA /* Main.storyboard */; };
		81CD3A8E209C4E8F00BE21AA /* Assets.xcassets in Resources */ = {isa = PBXBuildFile; fileRef = 81CD3A8D209C4E8F00BE21AA /* Assets.xcassets */; };
		81CD3A91209C4E8F00BE21AA /* LaunchScreen.storyboard in Resources */ = {isa = PBXBuildFile; fileRef = 81CD3A8F209C4E8F00BE21AA /* LaunchScreen.storyboard */; };
		81CD3A99209C571E00BE21AA /* PreviewAndEdit.swift in Sources */ = {isa = PBXBuildFile; fileRef = 81CD3A98209C571E00BE21AA /* PreviewAndEdit.swift */; };
		81DF3A1A20A2DDC4009FCEB7 /* PreviewAndEdit2.swift in Sources */ = {isa = PBXBuildFile; fileRef = 81DF3A1920A2DDC4009FCEB7 /* PreviewAndEdit2.swift */; };
		81DF3A1C20A2E10C009FCEB7 /* fontovi.swift in Sources */ = {isa = PBXBuildFile; fileRef = 81DF3A1B20A2E10C009FCEB7 /* fontovi.swift */; };
		81DF3A1E20A2F430009FCEB7 /* memeMaker1.swift in Sources */ = {isa = PBXBuildFile; fileRef = 81DF3A1D20A2F430009FCEB7 /* memeMaker1.swift */; };
		81DF3A2020A2FF4A009FCEB7 /* memeMaker2.swift in Sources */ = {isa = PBXBuildFile; fileRef = 81DF3A1F20A2FF4A009FCEB7 /* memeMaker2.swift */; };
/* End PBXBuildFile section */

/* Begin PBXFileReference section */
		81CD3A83209C4E8E00BE21AA /* Shutter 3.app */ = {isa = PBXFileReference; explicitFileType = wrapper.application; includeInIndex = 0; path = "Shutter 3.app"; sourceTree = BUILT_PRODUCTS_DIR; };
		81CD3A86209C4E8E00BE21AA /* AppDelegate.swift */ = {isa = PBXFileReference; lastKnownFileType = sourcecode.swift; path = AppDelegate.swift; sourceTree = "<group>"; };
		81CD3A88209C4E8E00BE21AA /* ViewController.swift */ = {isa = PBXFileReference; lastKnownFileType = sourcecode.swift; path = ViewController.swift; sourceTree = "<group>"; };
		81CD3A8B209C4E8E00BE21AA /* Base */ = {isa = PBXFileReference; lastKnownFileType = file.storyboard; name = Base; path = Base.lproj/Main.storyboard; sourceTree = "<group>"; };
		81CD3A8D209C4E8F00BE21AA /* Assets.xcassets */ = {isa = PBXFileReference; lastKnownFileType = folder.assetcatalog; path = Assets.xcassets; sourceTree = "<group>"; };
		81CD3A90209C4E8F00BE21AA /* Base */ = {isa = PBXFileReference; lastKnownFileType = file.storyboard; name = Base; path = Base.lproj/LaunchScreen.storyboard; sourceTree = "<group>"; };
		81CD3A92209C4E8F00BE21AA /* Info.plist */ = {isa = PBXFileReference; lastKnownFileType = text.plist.xml; path = Info.plist; sourceTree = "<group>"; };
		81CD3A98209C571E00BE21AA /* PreviewAndEdit.swift */ = {isa = PBXFileReference; lastKnownFileType = sourcecode.swift; path = PreviewAndEdit.swift; sourceTree = "<group>"; };
		81DF3A1920A2DDC4009FCEB7 /* PreviewAndEdit2.swift */ = {isa = PBXFileReference; lastKnownFileType = sourcecode.swift; path = PreviewAndEdit2.swift; sourceTree = "<group>"; };
		81DF3A1B20A2E10C009FCEB7 /* fontovi.swift */ = {isa = PBXFileReference; lastKnownFileType = sourcecode.swift; path = fontovi.swift; sourceTree = "<group>"; };
		81DF3A1D20A2F430009FCEB7 /* memeMaker1.swift */ = {isa = PBXFileReference; lastKnownFileType = sourcecode.swift; path = memeMaker1.swift; sourceTree = "<group>"; };
		81DF3A1F20A2FF4A009FCEB7 /* memeMaker2.swift */ = {isa = PBXFileReference; lastKnownFileType = sourcecode.swift; path = memeMaker2.swift; sourceTree = "<group>"; };
/* End PBXFileReference section */

/* Begin PBXFrameworksBuildPhase section */
		81CD3A80209C4E8E00BE21AA /* Frameworks */ = {
			isa = PBXFrameworksBuildPhase;
			buildActionMask = 2147483647;
			files = (
			);
			runOnlyForDeploymentPostprocessing = 0;
		};
/* End PBXFrameworksBuildPhase section */

/* Begin PBXGroup section */
		81CD3A7A209C4E8E00BE21AA = {
			isa = PBXGroup;
			children = (
				81CD3A85209C4E8E00BE21AA /* Shutter 3 */,
				81CD3A84209C4E8E00BE21AA /* Products */,
			);
			sourceTree = "<group>";
		};
		81CD3A84209C4E8E00BE21AA /* Products */ = {
			isa = PBXGroup;
			children = (
				81CD3A83209C4E8E00BE21AA /* Shutter 3.app */,
			);
			name = Products;
			sourceTree = "<group>";
		};
		81CD3A85209C4E8E00BE21AA /* Shutter 3 */ = {
			isa = PBXGroup;
			children = (
				81DF3A1D20A2F430009FCEB7 /* memeMaker1.swift */,
				81CD3A86209C4E8E00BE21AA /* AppDelegate.swift */,
				81CD3A88209C4E8E00BE21AA /* ViewController.swift */,
				81CD3A8A209C4E8E00BE21AA /* Main.storyboard */,
				81DF3A1B20A2E10C009FCEB7 /* fontovi.swift */,
				81DF3A1920A2DDC4009FCEB7 /* PreviewAndEdit2.swift */,
				81CD3A98209C571E00BE21AA /* PreviewAndEdit.swift */,
				81CD3A8D209C4E8F00BE21AA /* Assets.xcassets */,
				81CD3A8F209C4E8F00BE21AA /* LaunchScreen.storyboard */,
				81CD3A92209C4E8F00BE21AA /* Info.plist */,
				81DF3A1F20A2FF4A009FCEB7 /* memeMaker2.swift */,
			);
			path = "Shutter 3";
			sourceTree = "<group>";
		};
/* End PBXGroup section */

/* Begin PBXNativeTarget section */
		81CD3A82209C4E8E00BE21AA /* Shutter 3 */ = {
			isa = PBXNativeTarget;
			buildConfigurationList = 81CD3A95209C4E8F00BE21AA /* Build configuration list for PBXNativeTarget "Shutter 3" */;
			buildPhases = (
				81CD3A7F209C4E8E00BE21AA /* Sources */,
				81CD3A80209C4E8E00BE21AA /* Frameworks */,
				81CD3A81209C4E8E00BE21AA /* Resources */,
			);
			buildRules = (
			);
			dependencies = (
			);
			name = "Shutter 3";
			productName = "Shutter 3";
			productReference = 81CD3A83209C4E8E00BE21AA /* Shutter 3.app */;
			productType = "com.apple.product-type.application";
		};
/* End PBXNativeTarget section */

/* Begin PBXProject section */
		81CD3A7B209C4E8E00BE21AA /* Project object */ = {
			isa = PBXProject;
			attributes = {
				LastSwiftUpdateCheck = 0930;
				LastUpgradeCheck = 0930;
				ORGANIZATIONNAME = dumar022;
				TargetAttributes = {
					81CD3A82209C4E8E00BE21AA = {
						CreatedOnToolsVersion = 9.3;
					};
				};
			};
			buildConfigurationList = 81CD3A7E209C4E8E00BE21AA /* Build configuration list for PBXProject "Shutter 3" */;
			compatibilityVersion = "Xcode 9.3";
			developmentRegion = en;
			hasScannedForEncodings = 0;
			knownRegions = (
				en,
				Base,
			);
			mainGroup = 81CD3A7A209C4E8E00BE21AA;
			productRefGroup = 81CD3A84209C4E8E00BE21AA /* Products */;
			projectDirPath = "";
			projectRoot = "";
			targets = (
				81CD3A82209C4E8E00BE21AA /* Shutter 3 */,
			);
		};
/* End PBXProject section */

/* Begin PBXResourcesBuildPhase section */
		81CD3A81209C4E8E00BE21AA /* Resources */ = {
			isa = PBXResourcesBuildPhase;
			buildActionMask = 2147483647;
			files = (
				81CD3A91209C4E8F00BE21AA /* LaunchScreen.storyboard in Resources */,
				81CD3A8E209C4E8F00BE21AA /* Assets.xcassets in Resources */,
				81CD3A8C209C4E8E00BE21AA /* Main.storyboard in Resources */,
			);
			runOnlyForDeploymentPostprocessing = 0;
		};
/* End PBXResourcesBuildPhase section */

/* Begin PBXSourcesBuildPhase section */
		81CD3A7F209C4E8E00BE21AA /* Sources */ = {
			isa = PBXSourcesBuildPhase;
			buildActionMask = 2147483647;
			files = (
				81CD3A89209C4E8E00BE21AA /* ViewController.swift in Sources */,
				81DF3A1C20A2E10C009FCEB7 /* fontovi.swift in Sources */,
				81DF3A1E20A2F430009FCEB7 /* memeMaker1.swift in Sources */,
				81DF3A2020A2FF4A009FCEB7 /* memeMaker2.swift in Sources */,
				81DF3A1A20A2DDC4009FCEB7 /* PreviewAndEdit2.swift in Sources */,
				81CD3A99209C571E00BE21AA /* PreviewAndEdit.swift in Sources */,
				81CD3A87209C4E8E00BE21AA /* AppDelegate.swift in Sources */,
			);
			runOnlyForDeploymentPostprocessing = 0;
		};
/* End PBXSourcesBuildPhase section */

/* Begin PBXVariantGroup section */
		81CD3A8A209C4E8E00BE21AA /* Main.storyboard */ = {
			isa = PBXVariantGroup;
			children = (
				81CD3A8B209C4E8E00BE21AA /* Base */,
			);
			name = Main.storyboard;
			sourceTree = "<group>";
		};
		81CD3A8F209C4E8F00BE21AA /* LaunchScreen.storyboard */ = {
			isa = PBXVariantGroup;
			children = (
				81CD3A90209C4E8F00BE21AA /* Base */,
			);
			name = LaunchScreen.storyboard;
			sourceTree = "<group>";
		};
/* End PBXVariantGroup section */

/* Begin XCBuildConfiguration section */
		81CD3A93209C4E8F00BE21AA /* Debug */ = {
			isa = XCBuildConfiguration;
			buildSettings = {
				ALWAYS_SEARCH_USER_PATHS = NO;
				CLANG_ANALYZER_NONNULL = YES;
				CLANG_ANALYZER_NUMBER_OBJECT_CONVERSION = YES_AGGRESSIVE;
				CLANG_CXX_LANGUAGE_STANDARD = "gnu++14";
				CLANG_CXX_LIBRARY = "libc++";
				CLANG_ENABLE_MODULES = YES;
				CLANG_ENABLE_OBJC_ARC = YES;
				CLANG_ENABLE_OBJC_WEAK = YES;
				CLANG_WARN_BLOCK_CAPTURE_AUTORELEASING = YES;
				CLANG_WARN_BOOL_CONVERSION = YES;
				CLANG_WARN_COMMA = YES;
				CLANG_WARN_CONSTANT_CONVERSION = YES;
				CLANG_WARN_DEPRECATED_OBJC_IMPLEMENTATIONS = YES;
				CLANG_WARN_DIRECT_OBJC_ISA_USAGE = YES_ERROR;
				CLANG_WARN_DOCUMENTATION_COMMENTS = YES;
				CLANG_WARN_EMPTY_BODY = YES;
				CLANG_WARN_ENUM_CONVERSION = YES;
				CLANG_WARN_INFINITE_RECURSION = YES;
				CLANG_WARN_INT_CONVERSION = YES;
				CLANG_WARN_NON_LITERAL_NULL_CONVERSION = YES;
				CLANG_WARN_OBJC_IMPLICIT_RETAIN_SELF = YES;
				CLANG_WARN_OBJC_LITERAL_CONVERSION = YES;
				CLANG_WARN_OBJC_ROOT_CLASS = YES_ERROR;
				CLANG_WARN_RANGE_LOOP_ANALYSIS = YES;
				CLANG_WARN_STRICT_PROTOTYPES = YES;
				CLANG_WARN_SUSPICIOUS_MOVE = YES;
				CLANG_WARN_UNGUARDED_AVAILABILITY = YES_AGGRESSIVE;
				CLANG_WARN_UNREACHABLE_CODE = YES;
				CLANG_WARN__DUPLICATE_METHOD_MATCH = YES;
				CODE_SIGN_IDENTITY = "iPhone Developer";
				COPY_PHASE_STRIP = NO;
				DEBUG_INFORMATION_FORMAT = dwarf;
				ENABLE_STRICT_OBJC_MSGSEND = YES;
				ENABLE_TESTABILITY = YES;
				GCC_C_LANGUAGE_STANDARD = gnu11;
				GCC_DYNAMIC_NO_PIC = NO;
				GCC_NO_COMMON_BLOCKS = YES;
				GCC_OPTIMIZATION_LEVEL = 0;
				GCC_PREPROCESSOR_DEFINITIONS = (
					"DEBUG=1",
					"$(inherited)",
				);
				GCC_WARN_64_TO_32_BIT_CONVERSION = YES;
				GCC_WARN_ABOUT_RETURN_TYPE = YES_ERROR;
				GCC_WARN_UNDECLARED_SELECTOR = YES;
				GCC_WARN_UNINITIALIZED_AUTOS = YES_AGGRESSIVE;
				GCC_WARN_UNUSED_FUNCTION = YES;
				GCC_WARN_UNUSED_VARIABLE = YES;
				IPHONEOS_DEPLOYMENT_TARGET = 11.3;
				MTL_ENABLE_DEBUG_INFO = YES;
				ONLY_ACTIVE_ARCH = YES;
				SDKROOT = iphoneos;
				SWIFT_ACTIVE_COMPILATION_CONDITIONS = DEBUG;
				SWIFT_OPTIMIZATION_LEVEL = "-Onone";
			};
			name = Debug;
		};
		81CD3A94209C4E8F00BE21AA /* Release */ = {
			isa = XCBuildConfiguration;
			buildSettings = {
				ALWAYS_SEARCH_USER_PATHS = NO;
				CLANG_ANALYZER_NONNULL = YES;
				CLANG_ANALYZER_NUMBER_OBJECT_CONVERSION = YES_AGGRESSIVE;
				CLANG_CXX_LANGUAGE_STANDARD = "gnu++14";
				CLANG_CXX_LIBRARY = "libc++";
				CLANG_ENABLE_MODULES = YES;
				CLANG_ENABLE_OBJC_ARC = YES;
				CLANG_ENABLE_OBJC_WEAK = YES;
				CLANG_WARN_BLOCK_CAPTURE_AUTORELEASING = YES;
				CLANG_WARN_BOOL_CONVERSION = YES;
				CLANG_WARN_COMMA = YES;
				CLANG_WARN_CONSTANT_CONVERSION = YES;
				CLANG_WARN_DEPRECATED_OBJC_IMPLEMENTATIONS = YES;
				CLANG_WARN_DIRECT_OBJC_ISA_USAGE = YES_ERROR;
				CLANG_WARN_DOCUMENTATION_COMMENTS = YES;
				CLANG_WARN_EMPTY_BODY = YES;
				CLANG_WARN_ENUM_CONVERSION = YES;
				CLANG_WARN_INFINITE_RECURSION = YES;
				CLANG_WARN_INT_CONVERSION = YES;
				CLANG_WARN_NON_LITERAL_NULL_CONVERSION = YES;
				CLANG_WARN_OBJC_IMPLICIT_RETAIN_SELF = YES;
				CLANG_WARN_OBJC_LITERAL_CONVERSION = YES;
				CLANG_WARN_OBJC_ROOT_CLASS = YES_ERROR;
				CLANG_WARN_RANGE_LOOP_ANALYSIS = YES;
				CLANG_WARN_STRICT_PROTOTYPES = YES;
				CLANG_WARN_SUSPICIOUS_MOVE = YES;
				CLANG_WARN_UNGUARDED_AVAILABILITY = YES_AGGRESSIVE;
				CLANG_WARN_UNREACHABLE_CODE = YES;
				CLANG_WARN__DUPLICATE_METHOD_MATCH = YES;
				CODE_SIGN_IDENTITY = "iPhone Developer";
				COPY_PHASE_STRIP = NO;
				DEBUG_INFORMATION_FORMAT = "dwarf-with-dsym";
				ENABLE_NS_ASSERTIONS = NO;
				ENABLE_STRICT_OBJC_MSGSEND = YES;
				GCC_C_LANGUAGE_STANDARD = gnu11;
				GCC_NO_COMMON_BLOCKS = YES;
				GCC_WARN_64_TO_32_BIT_CONVERSION = YES;
				GCC_WARN_ABOUT_RETURN_TYPE = YES_ERROR;
				GCC_WARN_UNDECLARED_SELECTOR = YES;
				GCC_WARN_UNINITIALIZED_AUTOS = YES_AGGRESSIVE;
				GCC_WARN_UNUSED_FUNCTION = YES;
				GCC_WARN_UNUSED_VARIABLE = YES;
				IPHONEOS_DEPLOYMENT_TARGET = 11.3;
				MTL_ENABLE_DEBUG_INFO = NO;
				SDKROOT = iphoneos;
				SWIFT_COMPILATION_MODE = wholemodule;
				SWIFT_OPTIMIZATION_LEVEL = "-O";
				VALIDATE_PRODUCT = YES;
			};
			name = Release;
		};
		81CD3A96209C4E8F00BE21AA /* Debug */ = {
			isa = XCBuildConfiguration;
			buildSettings = {
				ASSETCATALOG_COMPILER_APPICON_NAME = AppIcon;
				CODE_SIGN_STYLE = Automatic;
				DEVELOPMENT_TEAM = JC7UGY5QLV;
				INFOPLIST_FILE = "Shutter 3/Info.plist";
				IPHONEOS_DEPLOYMENT_TARGET = 11.0;
				LD_RUNPATH_SEARCH_PATHS = (
					"$(inherited)",
					"@executable_path/Frameworks",
				);
				PRODUCT_BUNDLE_IDENTIFIER = dumar022;
				PRODUCT_NAME = "$(TARGET_NAME)";
				SWIFT_VERSION = 4.0;
				TARGETED_DEVICE_FAMILY = 1;
			};
			name = Debug;
		};
		81CD3A97209C4E8F00BE21AA /* Release */ = {
			isa = XCBuildConfiguration;
			buildSettings = {
				ASSETCATALOG_COMPILER_APPICON_NAME = AppIcon;
				CODE_SIGN_STYLE = Automatic;
				DEVELOPMENT_TEAM = JC7UGY5QLV;
				INFOPLIST_FILE = "Shutter 3/Info.plist";
				IPHONEOS_DEPLOYMENT_TARGET = 11.0;
				LD_RUNPATH_SEARCH_PATHS = (
					"$(inherited)",
					"@executable_path/Frameworks",
				);
				PRODUCT_BUNDLE_IDENTIFIER = dumar022;
				PRODUCT_NAME = "$(TARGET_NAME)";
				SWIFT_VERSION = 4.0;
				TARGETED_DEVICE_FAMILY = 1;
			};
			name = Release;
		};
/* End XCBuildConfiguration section */

/* Begin XCConfigurationList section */
		81CD3A7E209C4E8E00BE21AA /* Build configuration list for PBXProject "Shutter 3" */ = {
			isa = XCConfigurationList;
			buildConfigurations = (
				81CD3A93209C4E8F00BE21AA /* Debug */,
				81CD3A94209C4E8F00BE21AA /* Release */,
			);
			defaultConfigurationIsVisible = 0;
			defaultConfigurationName = Release;
		};
		81CD3A95209C4E8F00BE21AA /* Build configuration list for PBXNativeTarget "Shutter 3" */ = {
			isa = XCConfigurationList;
			buildConfigurations = (
				81CD3A96209C4E8F00BE21AA /* Debug */,
				81CD3A97209C4E8F00BE21AA /* Release */,
			);
			defaultConfigurationIsVisible = 0;
			defaultConfigurationName = Release;
		};
/* End XCConfigurationList section */
	};
	rootObject = 81CD3A7B209C4E8E00BE21AA /* Project object */;
}
